
Microsoft Visual Studio Solution File, Format Version 12.00
# Visual Studio Version 17
VisualStudioVersion = 17.14.36127.28 d17.14
MinimumVisualStudioVersion = 10.0.40219.1
Project("{FAE04EC0-301F-11D3-BF4B-00C04F79EFBC}") = "ErikssonSoftware", "ErikssonSoftware.csproj", "{D3A50D41-3D9F-4107-BDEF-D3E06A7E0DEC}"
EndProject
Global
	GlobalSection(SolutionConfigurationPlatforms) = preSolution
		Debug|Any CPU = Debug|Any CPU
		Release|Any CPU = Release|Any CPU
	EndGlobalSection
	GlobalSection(ProjectConfigurationPlatforms) = postSolution
		{D3A50D41-3D9F-4107-BDEF-D3E06A7E0DEC}.Debug|Any CPU.ActiveCfg = Debug|Any CPU
		{D3A50D41-3D9F-4107-BDEF-D3E06A7E0DEC}.Debug|Any CPU.Build.0 = Debug|Any CPU
		{D3A50D41-3D9F-4107-BDEF-D3E06A7E0DEC}.Release|Any CPU.ActiveCfg = Release|Any CPU
		{D3A50D41-3D9F-4107-BDEF-D3E06A7E0DEC}.Release|Any CPU.Build.0 = Release|Any CPU
	EndGlobalSection
	GlobalSection(SolutionProperties) = preSolution
		HideSolutionNode = FALSE
	EndGlobalSection
	GlobalSection(ExtensibilityGlobals) = postSolution
		SolutionGuid = {0F3F1633-A7BF-402F-8FBE-7BBDD1ECD053}
	EndGlobalSection
EndGlobal
